--- 
dependencies: 
  rails: 
    group: 
    - :default
    version: = 2.3.8
  sqlite3-ruby: 
    group: 
    - :development
    - :test
    version: ~> 1.3.0
    require: 
    - sqlite3
  rack: 
    group: 
    - :default
    version: ~> 1.1.0
specs: 
- rake: 
    version: 0.9.0
- activesupport: 
    version: 2.3.8
- rack: 
    version: 1.1.2
- actionpack: 
    version: 2.3.8
- actionmailer: 
    version: 2.3.8
- activerecord: 
    version: 2.3.8
- activeresource: 
    version: 2.3.8
- rails: 
    version: 2.3.8
- sqlite3: 
    version: 1.3.3
- sqlite3-ruby: 
    version: 1.3.3
hash: 9b9429b322a78ae111022dc7631676d8164cce14
sources: 
- Rubygems: 
    uri: http://rubygems.org
- Rubygems: 
    uri: http://gemcutter.org
